// !$*UTF8*$!
{
	archiveVersion = 1;
	classes = {
	};
	objectVersion = 55;
	objects = {

/* Begin PBXBuildFile section */
		922793CA9BC32FB6CC93B426 /* Pods_Instagram_Swift.framework in Frameworks */ = {isa = PBXBuildFile; fileRef = 4B59D991E14B185184577F14 /* Pods_Instagram_Swift.framework */; };
		C405DDAB28FAF21E00D8F507 /* UserCell.swift in Sources */ = {isa = PBXBuildFile; fileRef = C405DDAA28FAF21E00D8F507 /* UserCell.swift */; };
		C40A617A28A7CB57005B97A8 /* AppDelegate.swift in Sources */ = {isa = PBXBuildFile; fileRef = C40A617928A7CB57005B97A8 /* AppDelegate.swift */; };
		C40A618328A7CB58005B97A8 /* Assets.xcassets in Resources */ = {isa = PBXBuildFile; fileRef = C40A618228A7CB58005B97A8 /* Assets.xcassets */; };
		C40A618628A7CB58005B97A8 /* LaunchScreen.storyboard in Resources */ = {isa = PBXBuildFile; fileRef = C40A618428A7CB58005B97A8 /* LaunchScreen.storyboard */; };
		C411542B28AE6BC500A0474D /* AuthenticationViewModel.swift in Sources */ = {isa = PBXBuildFile; fileRef = C411542A28AE6BC500A0474D /* AuthenticationViewModel.swift */; };
		C41BC7BA28B2901B000825D1 /* Imageuploader.swift in Sources */ = {isa = PBXBuildFile; fileRef = C41BC7B928B2901B000825D1 /* Imageuploader.swift */; };
		C41BC7BC28B2902E000825D1 /* AuthService.swift in Sources */ = {isa = PBXBuildFile; fileRef = C41BC7BB28B2902E000825D1 /* AuthService.swift */; };
		C430E32928DB1BC800DB0055 /* UserService.swift in Sources */ = {isa = PBXBuildFile; fileRef = C430E32828DB1BC800DB0055 /* UserService.swift */; };
		C430E32B28DB1C9E00DB0055 /* Constants.swift in Sources */ = {isa = PBXBuildFile; fileRef = C430E32A28DB1C9E00DB0055 /* Constants.swift */; };
		C430E32D28DB1EF600DB0055 /* User.swift in Sources */ = {isa = PBXBuildFile; fileRef = C430E32C28DB1EF600DB0055 /* User.swift */; };
		C430E32F28DB2A5B00DB0055 /* ProfileHeaderViewModel.swift in Sources */ = {isa = PBXBuildFile; fileRef = C430E32E28DB2A5B00DB0055 /* ProfileHeaderViewModel.swift */; };
		C43E0BBF28A9818600570E7B /* FeedCell.swift in Sources */ = {isa = PBXBuildFile; fileRef = C43E0BBE28A9818600570E7B /* FeedCell.swift */; };
		C465A8C528C0E6BC006C4CD6 /* ProfileCell.swift in Sources */ = {isa = PBXBuildFile; fileRef = C465A8C428C0E6BC006C4CD6 /* ProfileCell.swift */; };
		C465A8C728C0E6D5006C4CD6 /* ProfileHeader.swift in Sources */ = {isa = PBXBuildFile; fileRef = C465A8C628C0E6D5006C4CD6 /* ProfileHeader.swift */; };
		C492D33928A8212900C39A24 /* MainController.swift in Sources */ = {isa = PBXBuildFile; fileRef = C492D33828A8212900C39A24 /* MainController.swift */; };
		C492D33B28A821C700C39A24 /* FeedController.swift in Sources */ = {isa = PBXBuildFile; fileRef = C492D33A28A821C700C39A24 /* FeedController.swift */; };
		C492D33D28A8222C00C39A24 /* SearchController.swift in Sources */ = {isa = PBXBuildFile; fileRef = C492D33C28A8222C00C39A24 /* SearchController.swift */; };
		C492D33F28A8225C00C39A24 /* ImageSelectorController.swift in Sources */ = {isa = PBXBuildFile; fileRef = C492D33E28A8225C00C39A24 /* ImageSelectorController.swift */; };
		C492D34128A8227E00C39A24 /* NotificationController.swift in Sources */ = {isa = PBXBuildFile; fileRef = C492D34028A8227E00C39A24 /* NotificationController.swift */; };
		C492D34328A8229B00C39A24 /* ProfileController.swift in Sources */ = {isa = PBXBuildFile; fileRef = C492D34228A8229B00C39A24 /* ProfileController.swift */; };
		C49AB6AB28AD578B00CEFE50 /* CustomTextField.swift in Sources */ = {isa = PBXBuildFile; fileRef = C49AB6AA28AD578B00CEFE50 /* CustomTextField.swift */; };
		C49AB6AD28AD631400CEFE50 /* Extension.swift in Sources */ = {isa = PBXBuildFile; fileRef = C49AB6AC28AD631400CEFE50 /* Extension.swift */; };
		C49D050C28AAB98A004CA067 /* LoginController.swift in Sources */ = {isa = PBXBuildFile; fileRef = C49D050B28AAB98A004CA067 /* LoginController.swift */; };
		C49D050E28AAB994004CA067 /* RegistrationController.swift in Sources */ = {isa = PBXBuildFile; fileRef = C49D050D28AAB994004CA067 /* RegistrationController.swift */; };
		C4AD42B728B25C6700F0AC44 /* GoogleService-Info.plist in Resources */ = {isa = PBXBuildFile; fileRef = C4AD42B628B25C6700F0AC44 /* GoogleService-Info.plist */; };
/* End PBXBuildFile section */

/* Begin PBXFileReference section */
		4B59D991E14B185184577F14 /* Pods_Instagram_Swift.framework */ = {isa = PBXFileReference; explicitFileType = wrapper.framework; includeInIndex = 0; path = Pods_Instagram_Swift.framework; sourceTree = BUILT_PRODUCTS_DIR; };
		9602AC40892CE401266129A3 /* Pods-Instagram-Swift.debug.xcconfig */ = {isa = PBXFileReference; includeInIndex = 1; lastKnownFileType = text.xcconfig; name = "Pods-Instagram-Swift.debug.xcconfig"; path = "Target Support Files/Pods-Instagram-Swift/Pods-Instagram-Swift.debug.xcconfig"; sourceTree = "<group>"; };
		BD9F794DDCAA44A795C9C4C1 /* Pods-Instagram-Swift.release.xcconfig */ = {isa = PBXFileReference; includeInIndex = 1; lastKnownFileType = text.xcconfig; name = "Pods-Instagram-Swift.release.xcconfig"; path = "Target Support Files/Pods-Instagram-Swift/Pods-Instagram-Swift.release.xcconfig"; sourceTree = "<group>"; };
		C405DDAA28FAF21E00D8F507 /* UserCell.swift */ = {isa = PBXFileReference; lastKnownFileType = sourcecode.swift; path = UserCell.swift; sourceTree = "<group>"; };
		C40A617628A7CB57005B97A8 /* Instagram-Swift.app */ = {isa = PBXFileReference; explicitFileType = wrapper.application; includeInIndex = 0; path = "Instagram-Swift.app"; sourceTree = BUILT_PRODUCTS_DIR; };
		C40A617928A7CB57005B97A8 /* AppDelegate.swift */ = {isa = PBXFileReference; lastKnownFileType = sourcecode.swift; path = AppDelegate.swift; sourceTree = "<group>"; };
		C40A618228A7CB58005B97A8 /* Assets.xcassets */ = {isa = PBXFileReference; lastKnownFileType = folder.assetcatalog; path = Assets.xcassets; sourceTree = "<group>"; };
		C40A618528A7CB58005B97A8 /* Base */ = {isa = PBXFileReference; lastKnownFileType = file.storyboard; name = Base; path = Base.lproj/LaunchScreen.storyboard; sourceTree = "<group>"; };
		C40A618728A7CB58005B97A8 /* Info.plist */ = {isa = PBXFileReference; lastKnownFileType = text.plist.xml; path = Info.plist; sourceTree = "<group>"; };
		C411542A28AE6BC500A0474D /* AuthenticationViewModel.swift */ = {isa = PBXFileReference; lastKnownFileType = sourcecode.swift; path = AuthenticationViewModel.swift; sourceTree = "<group>"; };
		C41BC7B928B2901B000825D1 /* Imageuploader.swift */ = {isa = PBXFileReference; lastKnownFileType = sourcecode.swift; path = Imageuploader.swift; sourceTree = "<group>"; };
		C41BC7BB28B2902E000825D1 /* AuthService.swift */ = {isa = PBXFileReference; lastKnownFileType = sourcecode.swift; path = AuthService.swift; sourceTree = "<group>"; };
		C430E32828DB1BC800DB0055 /* UserService.swift */ = {isa = PBXFileReference; lastKnownFileType = sourcecode.swift; path = UserService.swift; sourceTree = "<group>"; };
		C430E32A28DB1C9E00DB0055 /* Constants.swift */ = {isa = PBXFileReference; lastKnownFileType = sourcecode.swift; path = Constants.swift; sourceTree = "<group>"; };
		C430E32C28DB1EF600DB0055 /* User.swift */ = {isa = PBXFileReference; lastKnownFileType = sourcecode.swift; path = User.swift; sourceTree = "<group>"; };
		C430E32E28DB2A5B00DB0055 /* ProfileHeaderViewModel.swift */ = {isa = PBXFileReference; lastKnownFileType = sourcecode.swift; path = ProfileHeaderViewModel.swift; sourceTree = "<group>"; };
		C43E0BBE28A9818600570E7B /* FeedCell.swift */ = {isa = PBXFileReference; lastKnownFileType = sourcecode.swift; path = FeedCell.swift; sourceTree = "<group>"; };
		C465A8C428C0E6BC006C4CD6 /* ProfileCell.swift */ = {isa = PBXFileReference; lastKnownFileType = sourcecode.swift; path = ProfileCell.swift; sourceTree = "<group>"; };
		C465A8C628C0E6D5006C4CD6 /* ProfileHeader.swift */ = {isa = PBXFileReference; lastKnownFileType = sourcecode.swift; path = ProfileHeader.swift; sourceTree = "<group>"; };
		C492D33828A8212900C39A24 /* MainController.swift */ = {isa = PBXFileReference; lastKnownFileType = sourcecode.swift; path = MainController.swift; sourceTree = "<group>"; };
		C492D33A28A821C700C39A24 /* FeedController.swift */ = {isa = PBXFileReference; lastKnownFileType = sourcecode.swift; path = FeedController.swift; sourceTree = "<group>"; };
		C492D33C28A8222C00C39A24 /* SearchController.swift */ = {isa = PBXFileReference; lastKnownFileType = sourcecode.swift; path = SearchController.swift; sourceTree = "<group>"; };
		C492D33E28A8225C00C39A24 /* ImageSelectorController.swift */ = {isa = PBXFileReference; lastKnownFileType = sourcecode.swift; path = ImageSelectorController.swift; sourceTree = "<group>"; };
		C492D34028A8227E00C39A24 /* NotificationController.swift */ = {isa = PBXFileReference; lastKnownFileType = sourcecode.swift; path = NotificationController.swift; sourceTree = "<group>"; };
		C492D34228A8229B00C39A24 /* ProfileController.swift */ = {isa = PBXFileReference; lastKnownFileType = sourcecode.swift; path = ProfileController.swift; sourceTree = "<group>"; };
		C49AB6AA28AD578B00CEFE50 /* CustomTextField.swift */ = {isa = PBXFileReference; lastKnownFileType = sourcecode.swift; path = CustomTextField.swift; sourceTree = "<group>"; };
		C49AB6AC28AD631400CEFE50 /* Extension.swift */ = {isa = PBXFileReference; lastKnownFileType = sourcecode.swift; path = Extension.swift; sourceTree = "<group>"; };
		C49D050B28AAB98A004CA067 /* LoginController.swift */ = {isa = PBXFileReference; lastKnownFileType = sourcecode.swift; path = LoginController.swift; sourceTree = "<group>"; };
		C49D050D28AAB994004CA067 /* RegistrationController.swift */ = {isa = PBXFileReference; lastKnownFileType = sourcecode.swift; path = RegistrationController.swift; sourceTree = "<group>"; };
		C4AD42B628B25C6700F0AC44 /* GoogleService-Info.plist */ = {isa = PBXFileReference; fileEncoding = 4; lastKnownFileType = text.plist.xml; path = "GoogleService-Info.plist"; sourceTree = "<group>"; };
/* End PBXFileReference section */

/* Begin PBXFrameworksBuildPhase section */
		C40A617328A7CB57005B97A8 /* Frameworks */ = {
			isa = PBXFrameworksBuildPhase;
			buildActionMask = 2147483647;
			files = (
				922793CA9BC32FB6CC93B426 /* Pods_Instagram_Swift.framework in Frameworks */,
			);
			runOnlyForDeploymentPostprocessing = 0;
		};
/* End PBXFrameworksBuildPhase section */

/* Begin PBXGroup section */
		03DDA141E76AB267BAB1A517 /* Pods */ = {
			isa = PBXGroup;
			children = (
				9602AC40892CE401266129A3 /* Pods-Instagram-Swift.debug.xcconfig */,
				BD9F794DDCAA44A795C9C4C1 /* Pods-Instagram-Swift.release.xcconfig */,
			);
			path = Pods;
			sourceTree = "<group>";
		};
		6B46AEE621D901673EC9B9F7 /* Frameworks */ = {
			isa = PBXGroup;
			children = (
				4B59D991E14B185184577F14 /* Pods_Instagram_Swift.framework */,
			);
			name = Frameworks;
			sourceTree = "<group>";
		};
		C40A616D28A7CB57005B97A8 = {
			isa = PBXGroup;
			children = (
				C40A617828A7CB57005B97A8 /* Instagram-Swift */,
				C40A617728A7CB57005B97A8 /* Products */,
				03DDA141E76AB267BAB1A517 /* Pods */,
				6B46AEE621D901673EC9B9F7 /* Frameworks */,
			);
			sourceTree = "<group>";
		};
		C40A617728A7CB57005B97A8 /* Products */ = {
			isa = PBXGroup;
			children = (
				C40A617628A7CB57005B97A8 /* Instagram-Swift.app */,
			);
			name = Products;
			sourceTree = "<group>";
		};
		C40A617828A7CB57005B97A8 /* Instagram-Swift */ = {
			isa = PBXGroup;
			children = (
				C4681DCA28A82ED70026E08B /* ViewModel */,
				C4681DC928A82ED20026E08B /* Model */,
				C4681DC828A82EC90026E08B /* View */,
				C4681DCC28A82EE30026E08B /* API */,
				C4681DCB28A82EDD0026E08B /* Utils */,
				C4681DC728A82E9E0026E08B /* Controller */,
				C492D33128A820BA00C39A24 /* Files */,
			);
			path = "Instagram-Swift";
			sourceTree = "<group>";
		};
		C465A8C828C0E6E9006C4CD6 /* Profile */ = {
			isa = PBXGroup;
			children = (
				C465A8C428C0E6BC006C4CD6 /* ProfileCell.swift */,
				C465A8C628C0E6D5006C4CD6 /* ProfileHeader.swift */,
			);
			path = Profile;
			sourceTree = "<group>";
		};
		C4681DC728A82E9E0026E08B /* Controller */ = {
			isa = PBXGroup;
			children = (
				C49D050A28AAB965004CA067 /* Authentication */,
				C492D33828A8212900C39A24 /* MainController.swift */,
				C492D33A28A821C700C39A24 /* FeedController.swift */,
				C492D33C28A8222C00C39A24 /* SearchController.swift */,
				C492D33E28A8225C00C39A24 /* ImageSelectorController.swift */,
				C492D34028A8227E00C39A24 /* NotificationController.swift */,
				C492D34228A8229B00C39A24 /* ProfileController.swift */,
			);
			path = Controller;
			sourceTree = "<group>";
		};
		C4681DC828A82EC90026E08B /* View */ = {
			isa = PBXGroup;
			children = (
				C465A8C828C0E6E9006C4CD6 /* Profile */,
				C43E0BBE28A9818600570E7B /* FeedCell.swift */,
				C49AB6AA28AD578B00CEFE50 /* CustomTextField.swift */,
				C405DDAA28FAF21E00D8F507 /* UserCell.swift */,
			);
			path = View;
			sourceTree = "<group>";
		};
		C4681DC928A82ED20026E08B /* Model */ = {
			isa = PBXGroup;
			children = (
				C430E32C28DB1EF600DB0055 /* User.swift */,
			);
			path = Model;
			sourceTree = "<group>";
		};
		C4681DCA28A82ED70026E08B /* ViewModel */ = {
			isa = PBXGroup;
			children = (
				C411542A28AE6BC500A0474D /* AuthenticationViewModel.swift */,
				C430E32E28DB2A5B00DB0055 /* ProfileHeaderViewModel.swift */,
			);
			path = ViewModel;
			sourceTree = "<group>";
		};
		C4681DCB28A82EDD0026E08B /* Utils */ = {
			isa = PBXGroup;
			children = (
				C49AB6AC28AD631400CEFE50 /* Extension.swift */,
				C430E32A28DB1C9E00DB0055 /* Constants.swift */,
			);
			path = Utils;
			sourceTree = "<group>";
		};
		C4681DCC28A82EE30026E08B /* API */ = {
			isa = PBXGroup;
			children = (
				C41BC7B928B2901B000825D1 /* Imageuploader.swift */,
				C41BC7BB28B2902E000825D1 /* AuthService.swift */,
				C430E32828DB1BC800DB0055 /* UserService.swift */,
			);
			path = API;
			sourceTree = "<group>";
		};
		C492D33128A820BA00C39A24 /* Files */ = {
			isa = PBXGroup;
			children = (
				C40A617928A7CB57005B97A8 /* AppDelegate.swift */,
				C40A618228A7CB58005B97A8 /* Assets.xcassets */,
				C40A618428A7CB58005B97A8 /* LaunchScreen.storyboard */,
				C40A618728A7CB58005B97A8 /* Info.plist */,
				C4AD42B628B25C6700F0AC44 /* GoogleService-Info.plist */,
			);
			name = Files;
			sourceTree = "<group>";
		};
		C49D050A28AAB965004CA067 /* Authentication */ = {
			isa = PBXGroup;
			children = (
				C49D050B28AAB98A004CA067 /* LoginController.swift */,
				C49D050D28AAB994004CA067 /* RegistrationController.swift */,
			);
			path = Authentication;
			sourceTree = "<group>";
		};
/* End PBXGroup section */

/* Begin PBXNativeTarget section */
		C40A617528A7CB57005B97A8 /* Instagram-Swift */ = {
			isa = PBXNativeTarget;
			buildConfigurationList = C40A618A28A7CB58005B97A8 /* Build configuration list for PBXNativeTarget "Instagram-Swift" */;
			buildPhases = (
				DEC98976C8B32513634D619A /* [CP] Check Pods Manifest.lock */,
				C40A617228A7CB57005B97A8 /* Sources */,
				C40A617328A7CB57005B97A8 /* Frameworks */,
				C40A617428A7CB57005B97A8 /* Resources */,
				FAE7A2206E871E63F118D839 /* [CP] Embed Pods Frameworks */,
			);
			buildRules = (
			);
			dependencies = (
			);
			name = "Instagram-Swift";
			productName = "Instagram-Swift";
			productReference = C40A617628A7CB57005B97A8 /* Instagram-Swift.app */;
			productType = "com.apple.product-type.application";
		};
/* End PBXNativeTarget section */

/* Begin PBXProject section */
		C40A616E28A7CB57005B97A8 /* Project object */ = {
			isa = PBXProject;
			attributes = {
				BuildIndependentTargetsInParallel = 1;
				LastSwiftUpdateCheck = 1340;
				LastUpgradeCheck = 1340;
				TargetAttributes = {
					C40A617528A7CB57005B97A8 = {
						CreatedOnToolsVersion = 13.4.1;
					};
				};
			};
			buildConfigurationList = C40A617128A7CB57005B97A8 /* Build configuration list for PBXProject "Instagram-Swift" */;
			compatibilityVersion = "Xcode 13.0";
			developmentRegion = en;
			hasScannedForEncodings = 0;
			knownRegions = (
				en,
				Base,
			);
			mainGroup = C40A616D28A7CB57005B97A8;
			productRefGroup = C40A617728A7CB57005B97A8 /* Products */;
			projectDirPath = "";
			projectRoot = "";
			targets = (
				C40A617528A7CB57005B97A8 /* Instagram-Swift */,
			);
		};
/* End PBXProject section */

/* Begin PBXResourcesBuildPhase section */
		C40A617428A7CB57005B97A8 /* Resources */ = {
			isa = PBXResourcesBuildPhase;
			buildActionMask = 2147483647;
			files = (
				C40A618628A7CB58005B97A8 /* LaunchScreen.storyboard in Resources */,
				C40A618328A7CB58005B97A8 /* Assets.xcassets in Resources */,
				C4AD42B728B25C6700F0AC44 /* GoogleService-Info.plist in Resources */,
			);
			runOnlyForDeploymentPostprocessing = 0;
		};
/* End PBXResourcesBuildPhase section */

/* Begin PBXShellScriptBuildPhase section */
		DEC98976C8B32513634D619A /* [CP] Check Pods Manifest.lock */ = {
			isa = PBXShellScriptBuildPhase;
			buildActionMask = 2147483647;
			files = (
			);
			inputFileListPaths = (
			);
			inputPaths = (
				"${PODS_PODFILE_DIR_PATH}/Podfile.lock",
				"${PODS_ROOT}/Manifest.lock",
			);
			name = "[CP] Check Pods Manifest.lock";
			outputFileListPaths = (
			);
			outputPaths = (
				"$(DERIVED_FILE_DIR)/Pods-Instagram-Swift-checkManifestLockResult.txt",
			);
			runOnlyForDeploymentPostprocessing = 0;
			shellPath = /bin/sh;
			shellScript = "diff \"${PODS_PODFILE_DIR_PATH}/Podfile.lock\" \"${PODS_ROOT}/Manifest.lock\" > /dev/null\nif [ $? != 0 ] ; then\n    # print error to STDERR\n    echo \"error: The sandbox is not in sync with the Podfile.lock. Run 'pod install' or update your CocoaPods installation.\" >&2\n    exit 1\nfi\n# This output is used by Xcode 'outputs' to avoid re-running this script phase.\necho \"SUCCESS\" > \"${SCRIPT_OUTPUT_FILE_0}\"\n";
			showEnvVarsInLog = 0;
		};
		FAE7A2206E871E63F118D839 /* [CP] Embed Pods Frameworks */ = {
			isa = PBXShellScriptBuildPhase;
			buildActionMask = 2147483647;
			files = (
			);
			inputFileListPaths = (
				"${PODS_ROOT}/Target Support Files/Pods-Instagram-Swift/Pods-Instagram-Swift-frameworks-${CONFIGURATION}-input-files.xcfilelist",
			);
			name = "[CP] Embed Pods Frameworks";
			outputFileListPaths = (
				"${PODS_ROOT}/Target Support Files/Pods-Instagram-Swift/Pods-Instagram-Swift-frameworks-${CONFIGURATION}-output-files.xcfilelist",
			);
			runOnlyForDeploymentPostprocessing = 0;
			shellPath = /bin/sh;
			shellScript = "\"${PODS_ROOT}/Target Support Files/Pods-Instagram-Swift/Pods-Instagram-Swift-frameworks.sh\"\n";
			showEnvVarsInLog = 0;
		};
/* End PBXShellScriptBuildPhase section */

/* Begin PBXSourcesBuildPhase section */
		C40A617228A7CB57005B97A8 /* Sources */ = {
			isa = PBXSourcesBuildPhase;
			buildActionMask = 2147483647;
			files = (
				C411542B28AE6BC500A0474D /* AuthenticationViewModel.swift in Sources */,
				C430E32B28DB1C9E00DB0055 /* Constants.swift in Sources */,
				C492D34328A8229B00C39A24 /* ProfileController.swift in Sources */,
				C430E32928DB1BC800DB0055 /* UserService.swift in Sources */,
				C49AB6AB28AD578B00CEFE50 /* CustomTextField.swift in Sources */,
				C41BC7BA28B2901B000825D1 /* Imageuploader.swift in Sources */,
				C492D34128A8227E00C39A24 /* NotificationController.swift in Sources */,
				C49AB6AD28AD631400CEFE50 /* Extension.swift in Sources */,
				C430E32F28DB2A5B00DB0055 /* ProfileHeaderViewModel.swift in Sources */,
				C430E32D28DB1EF600DB0055 /* User.swift in Sources */,
				C492D33928A8212900C39A24 /* MainController.swift in Sources */,
				C492D33B28A821C700C39A24 /* FeedController.swift in Sources */,
				C49D050C28AAB98A004CA067 /* LoginController.swift in Sources */,
				C40A617A28A7CB57005B97A8 /* AppDelegate.swift in Sources */,
				C465A8C728C0E6D5006C4CD6 /* ProfileHeader.swift in Sources */,
				C43E0BBF28A9818600570E7B /* FeedCell.swift in Sources */,
				C492D33D28A8222C00C39A24 /* SearchController.swift in Sources */,
				C41BC7BC28B2902E000825D1 /* AuthService.swift in Sources */,
				C465A8C528C0E6BC006C4CD6 /* ProfileCell.swift in Sources */,
				C49D050E28AAB994004CA067 /* RegistrationController.swift in Sources */,
				C405DDAB28FAF21E00D8F507 /* UserCell.swift in Sources */,
				C492D33F28A8225C00C39A24 /* ImageSelectorController.swift in Sources */,
			);
			runOnlyForDeploymentPostprocessing = 0;
		};
/* End PBXSourcesBuildPhase section */

/* Begin PBXVariantGroup section */
		C40A618428A7CB58005B97A8 /* LaunchScreen.storyboard */ = {
			isa = PBXVariantGroup;
			children = (
				C40A618528A7CB58005B97A8 /* Base */,
			);
			name = LaunchScreen.storyboard;
			sourceTree = "<group>";
		};
/* End PBXVariantGroup section */

/* Begin XCBuildConfiguration section */
		C40A618828A7CB58005B97A8 /* Debug */ = {
			isa = XCBuildConfiguration;
			buildSettings = {
				ALWAYS_SEARCH_USER_PATHS = NO;
				CLANG_ANALYZER_NONNULL = YES;
				CLANG_ANALYZER_NUMBER_OBJECT_CONVERSION = YES_AGGRESSIVE;
				CLANG_CXX_LANGUAGE_STANDARD = "gnu++17";
				CLANG_ENABLE_MODULES = YES;
				CLANG_ENABLE_OBJC_ARC = YES;
				CLANG_ENABLE_OBJC_WEAK = YES;
				CLANG_WARN_BLOCK_CAPTURE_AUTORELEASING = YES;
				CLANG_WARN_BOOL_CONVERSION = YES;
				CLANG_WARN_COMMA = YES;
				CLANG_WARN_CONSTANT_CONVERSION = YES;
				CLANG_WARN_DEPRECATED_OBJC_IMPLEMENTATIONS = YES;
				CLANG_WARN_DIRECT_OBJC_ISA_USAGE = YES_ERROR;
				CLANG_WARN_DOCUMENTATION_COMMENTS = YES;
				CLANG_WARN_EMPTY_BODY = YES;
				CLANG_WARN_ENUM_CONVERSION = YES;
				CLANG_WARN_INFINITE_RECURSION = YES;
				CLANG_WARN_INT_CONVERSION = YES;
				CLANG_WARN_NON_LITERAL_NULL_CONVERSION = YES;
				CLANG_WARN_OBJC_IMPLICIT_RETAIN_SELF = YES;
				CLANG_WARN_OBJC_LITERAL_CONVERSION = YES;
				CLANG_WARN_OBJC_ROOT_CLASS = YES_ERROR;
				CLANG_WARN_QUOTED_INCLUDE_IN_FRAMEWORK_HEADER = YES;
				CLANG_WARN_RANGE_LOOP_ANALYSIS = YES;
				CLANG_WARN_STRICT_PROTOTYPES = YES;
				CLANG_WARN_SUSPICIOUS_MOVE = YES;
				CLANG_WARN_UNGUARDED_AVAILABILITY = YES_AGGRESSIVE;
				CLANG_WARN_UNREACHABLE_CODE = YES;
				CLANG_WARN__DUPLICATE_METHOD_MATCH = YES;
				COPY_PHASE_STRIP = NO;
				DEBUG_INFORMATION_FORMAT = dwarf;
				ENABLE_STRICT_OBJC_MSGSEND = YES;
				ENABLE_TESTABILITY = YES;
				GCC_C_LANGUAGE_STANDARD = gnu11;
				GCC_DYNAMIC_NO_PIC = NO;
				GCC_NO_COMMON_BLOCKS = YES;
				GCC_OPTIMIZATION_LEVEL = 0;
				GCC_PREPROCESSOR_DEFINITIONS = (
					"DEBUG=1",
					"$(inherited)",
				);
				GCC_WARN_64_TO_32_BIT_CONVERSION = YES;
				GCC_WARN_ABOUT_RETURN_TYPE = YES_ERROR;
				GCC_WARN_UNDECLARED_SELECTOR = YES;
				GCC_WARN_UNINITIALIZED_AUTOS = YES_AGGRESSIVE;
				GCC_WARN_UNUSED_FUNCTION = YES;
				GCC_WARN_UNUSED_VARIABLE = YES;
				IPHONEOS_DEPLOYMENT_TARGET = 15.5;
				MTL_ENABLE_DEBUG_INFO = INCLUDE_SOURCE;
				MTL_FAST_MATH = YES;
				ONLY_ACTIVE_ARCH = YES;
				SDKROOT = iphoneos;
				SWIFT_ACTIVE_COMPILATION_CONDITIONS = DEBUG;
				SWIFT_OPTIMIZATION_LEVEL = "-Onone";
			};
			name = Debug;
		};
		C40A618928A7CB58005B97A8 /* Release */ = {
			isa = XCBuildConfiguration;
			buildSettings = {
				ALWAYS_SEARCH_USER_PATHS = NO;
				CLANG_ANALYZER_NONNULL = YES;
				CLANG_ANALYZER_NUMBER_OBJECT_CONVERSION = YES_AGGRESSIVE;
				CLANG_CXX_LANGUAGE_STANDARD = "gnu++17";
				CLANG_ENABLE_MODULES = YES;
				CLANG_ENABLE_OBJC_ARC = YES;
				CLANG_ENABLE_OBJC_WEAK = YES;
				CLANG_WARN_BLOCK_CAPTURE_AUTORELEASING = YES;
				CLANG_WARN_BOOL_CONVERSION = YES;
				CLANG_WARN_COMMA = YES;
				CLANG_WARN_CONSTANT_CONVERSION = YES;
				CLANG_WARN_DEPRECATED_OBJC_IMPLEMENTATIONS = YES;
				CLANG_WARN_DIRECT_OBJC_ISA_USAGE = YES_ERROR;
				CLANG_WARN_DOCUMENTATION_COMMENTS = YES;
				CLANG_WARN_EMPTY_BODY = YES;
				CLANG_WARN_ENUM_CONVERSION = YES;
				CLANG_WARN_INFINITE_RECURSION = YES;
				CLANG_WARN_INT_CONVERSION = YES;
				CLANG_WARN_NON_LITERAL_NULL_CONVERSION = YES;
				CLANG_WARN_OBJC_IMPLICIT_RETAIN_SELF = YES;
				CLANG_WARN_OBJC_LITERAL_CONVERSION = YES;
				CLANG_WARN_OBJC_ROOT_CLASS = YES_ERROR;
				CLANG_WARN_QUOTED_INCLUDE_IN_FRAMEWORK_HEADER = YES;
				CLANG_WARN_RANGE_LOOP_ANALYSIS = YES;
				CLANG_WARN_STRICT_PROTOTYPES = YES;
				CLANG_WARN_SUSPICIOUS_MOVE = YES;
				CLANG_WARN_UNGUARDED_AVAILABILITY = YES_AGGRESSIVE;
				CLANG_WARN_UNREACHABLE_CODE = YES;
				CLANG_WARN__DUPLICATE_METHOD_MATCH = YES;
				COPY_PHASE_STRIP = NO;
				DEBUG_INFORMATION_FORMAT = "dwarf-with-dsym";
				ENABLE_NS_ASSERTIONS = NO;
				ENABLE_STRICT_OBJC_MSGSEND = YES;
				GCC_C_LANGUAGE_STANDARD = gnu11;
				GCC_NO_COMMON_BLOCKS = YES;
				GCC_WARN_64_TO_32_BIT_CONVERSION = YES;
				GCC_WARN_ABOUT_RETURN_TYPE = YES_ERROR;
				GCC_WARN_UNDECLARED_SELECTOR = YES;
				GCC_WARN_UNINITIALIZED_AUTOS = YES_AGGRESSIVE;
				GCC_WARN_UNUSED_FUNCTION = YES;
				GCC_WARN_UNUSED_VARIABLE = YES;
				IPHONEOS_DEPLOYMENT_TARGET = 15.5;
				MTL_ENABLE_DEBUG_INFO = NO;
				MTL_FAST_MATH = YES;
				SDKROOT = iphoneos;
				SWIFT_COMPILATION_MODE = wholemodule;
				SWIFT_OPTIMIZATION_LEVEL = "-O";
				VALIDATE_PRODUCT = YES;
			};
			name = Release;
		};
		C40A618B28A7CB58005B97A8 /* Debug */ = {
			isa = XCBuildConfiguration;
			baseConfigurationReference = 9602AC40892CE401266129A3 /* Pods-Instagram-Swift.debug.xcconfig */;
			buildSettings = {
				ASSETCATALOG_COMPILER_APPICON_NAME = AppIcon;
				ASSETCATALOG_COMPILER_GLOBAL_ACCENT_COLOR_NAME = AccentColor;
				CODE_SIGN_STYLE = Automatic;
				CURRENT_PROJECT_VERSION = 1;
				DEVELOPMENT_TEAM = 5XZHHC4623;
				GENERATE_INFOPLIST_FILE = YES;
				INFOPLIST_FILE = "Instagram-Swift/Info.plist";
				INFOPLIST_KEY_UIApplicationSupportsIndirectInputEvents = YES;
				INFOPLIST_KEY_UILaunchStoryboardName = LaunchScreen;
				INFOPLIST_KEY_UISupportedInterfaceOrientations_iPad = "UIInterfaceOrientationPortrait UIInterfaceOrientationPortraitUpsideDown UIInterfaceOrientationLandscapeLeft UIInterfaceOrientationLandscapeRight";
				INFOPLIST_KEY_UISupportedInterfaceOrientations_iPhone = "UIInterfaceOrientationPortrait UIInterfaceOrientationLandscapeLeft UIInterfaceOrientationLandscapeRight";
				LD_RUNPATH_SEARCH_PATHS = (
					"$(inherited)",
					"@executable_path/Frameworks",
				);
				MARKETING_VERSION = 1.0;
				PRODUCT_BUNDLE_IDENTIFIER = "com.hakkicansengonul.Instagram-Swift";
				PRODUCT_NAME = "$(TARGET_NAME)";
				SWIFT_EMIT_LOC_STRINGS = YES;
				SWIFT_VERSION = 5.0;
				TARGETED_DEVICE_FAMILY = "1,2";
			};
			name = Debug;
		};
		C40A618C28A7CB58005B97A8 /* Release */ = {
			isa = XCBuildConfiguration;
			baseConfigurationReference = BD9F794DDCAA44A795C9C4C1 /* Pods-Instagram-Swift.release.xcconfig */;
			buildSettings = {
				ASSETCATALOG_COMPILER_APPICON_NAME = AppIcon;
				ASSETCATALOG_COMPILER_GLOBAL_ACCENT_COLOR_NAME = AccentColor;
				CODE_SIGN_STYLE = Automatic;
				CURRENT_PROJECT_VERSION = 1;
				DEVELOPMENT_TEAM = 5XZHHC4623;
				GENERATE_INFOPLIST_FILE = YES;
				INFOPLIST_FILE = "Instagram-Swift/Info.plist";
				INFOPLIST_KEY_UIApplicationSupportsIndirectInputEvents = YES;
				INFOPLIST_KEY_UILaunchStoryboardName = LaunchScreen;
				INFOPLIST_KEY_UISupportedInterfaceOrientations_iPad = "UIInterfaceOrientationPortrait UIInterfaceOrientationPortraitUpsideDown UIInterfaceOrientationLandscapeLeft UIInterfaceOrientationLandscapeRight";
				INFOPLIST_KEY_UISupportedInterfaceOrientations_iPhone = "UIInterfaceOrientationPortrait UIInterfaceOrientationLandscapeLeft UIInterfaceOrientationLandscapeRight";
				LD_RUNPATH_SEARCH_PATHS = (
					"$(inherited)",
					"@executable_path/Frameworks",
				);
				MARKETING_VERSION = 1.0;
				PRODUCT_BUNDLE_IDENTIFIER = "com.hakkicansengonul.Instagram-Swift";
				PRODUCT_NAME = "$(TARGET_NAME)";
				SWIFT_EMIT_LOC_STRINGS = YES;
				SWIFT_VERSION = 5.0;
				TARGETED_DEVICE_FAMILY = "1,2";
			};
			name = Release;
		};
/* End XCBuildConfiguration section */

/* Begin XCConfigurationList section */
		C40A617128A7CB57005B97A8 /* Build configuration list for PBXProject "Instagram-Swift" */ = {
			isa = XCConfigurationList;
			buildConfigurations = (
				C40A618828A7CB58005B97A8 /* Debug */,
				C40A618928A7CB58005B97A8 /* Release */,
			);
			defaultConfigurationIsVisible = 0;
			defaultConfigurationName = Release;
		};
		C40A618A28A7CB58005B97A8 /* Build configuration list for PBXNativeTarget "Instagram-Swift" */ = {
			isa = XCConfigurationList;
			buildConfigurations = (
				C40A618B28A7CB58005B97A8 /* Debug */,
				C40A618C28A7CB58005B97A8 /* Release */,
			);
			defaultConfigurationIsVisible = 0;
			defaultConfigurationName = Release;
		};
/* End XCConfigurationList section */
	};
	rootObject = C40A616E28A7CB57005B97A8 /* Project object */;
}
